
Microsoft Visual Studio Solution File, Format Version 12.00
Project("{FAE04EC0-301F-11D3-BF4B-00C04F79EFBC}") = "SS14.Admin", "SS14.Admin\SS14.Admin.csproj", "{40ABCA78-556E-4EA4-8FD8-B65B02FA488F}"
EndProject
Project("{2150E333-8FDC-42A3-9474-1A3956D46DE8}") = "Files", "Files", "{9EF4394B-AAD3-4D61-8D0D-ED334A1E5FF5}"
ProjectSection(SolutionItems) = preProject
	.gitignore = .gitignore
	README.md = README.md
	Dockerfile = Dockerfile
	Directory.Packages.props = Directory.Packages.props
EndProjectSection
EndProject
Project("{FAE04EC0-301F-11D3-BF4B-00C04F79EFBC}") = "Content.Server.Database", "SS14\Content.Server.Database\Content.Server.Database.csproj", "{0DE28821-8C9F-4770-BA7C-5D38AC77F872}"
EndProject
Project("{FAE04EC0-301F-11D3-BF4B-00C04F79EFBC}") = "Content.Shared.Database", "SS14\Content.Shared.Database\Content.Shared.Database.csproj", "{34DBD258-BB73-4A8D-9159-C7CBECE1AB8B}"
EndProject
Project("{FAE04EC0-301F-11D3-BF4B-00C04F79EFBC}") = "Robust.Analyzers", "SS14\RobustToolbox\Robust.Analyzers\Robust.Analyzers.csproj", "{F718671B-FAD0-4783-90B8-32059AB9552F}"
EndProject
Project("{2150E333-8FDC-42A3-9474-1A3956D46DE8}") = "GitHub", "GitHub", "{0DA4417F-14E5-49E9-8A0D-4F76C3CDED5C}"
EndProject
Project("{2150E333-8FDC-42A3-9474-1A3956D46DE8}") = "Workflows", "Workflows", "{20A0EC6E-8DE5-4587-BC4A-7EB0C5D65001}"
	ProjectSection(SolutionItems) = preProject
		.github\workflows\publish-ghcr.yml = .github\workflows\publish-ghcr.yml
		.github\workflows\build-test.yml = .github\workflows\build-test.yml
	EndProjectSection
EndProject
Project("{FAE04EC0-301F-11D3-BF4B-00C04F79EFBC}") = "Robust.Serialization.Generator", "SS14\RobustToolbox\Robust.Serialization.Generator\Robust.Serialization.Generator.csproj", "{B30D497E-2240-4968-9FAD-D2967F04DEEC}"
EndProject
Project("{2150E333-8FDC-42A3-9474-1A3956D46DE8}") = "SS14", "SS14", "{10571C53-F24E-4130-8ED1-7FC497169049}"
EndProject
Global
	GlobalSection(SolutionConfigurationPlatforms) = preSolution
		Debug|Any CPU = Debug|Any CPU
		Release|Any CPU = Release|Any CPU
	EndGlobalSection
	GlobalSection(ProjectConfigurationPlatforms) = postSolution
		{40ABCA78-556E-4EA4-8FD8-B65B02FA488F}.Debug|Any CPU.ActiveCfg = Debug|Any CPU
		{40ABCA78-556E-4EA4-8FD8-B65B02FA488F}.Debug|Any CPU.Build.0 = Debug|Any CPU
		{40ABCA78-556E-4EA4-8FD8-B65B02FA488F}.Release|Any CPU.ActiveCfg = Release|Any CPU
		{40ABCA78-556E-4EA4-8FD8-B65B02FA488F}.Release|Any CPU.Build.0 = Release|Any CPU
		{0DE28821-8C9F-4770-BA7C-5D38AC77F872}.Debug|Any CPU.ActiveCfg = Debug|Any CPU
		{0DE28821-8C9F-4770-BA7C-5D38AC77F872}.Debug|Any CPU.Build.0 = Debug|Any CPU
		{0DE28821-8C9F-4770-BA7C-5D38AC77F872}.Release|Any CPU.ActiveCfg = Release|Any CPU
		{0DE28821-8C9F-4770-BA7C-5D38AC77F872}.Release|Any CPU.Build.0 = Release|Any CPU
		{34DBD258-BB73-4A8D-9159-C7CBECE1AB8B}.Debug|Any CPU.ActiveCfg = Debug|Any CPU
		{34DBD258-BB73-4A8D-9159-C7CBECE1AB8B}.Debug|Any CPU.Build.0 = Debug|Any CPU
		{34DBD258-BB73-4A8D-9159-C7CBECE1AB8B}.Release|Any CPU.ActiveCfg = Release|Any CPU
		{34DBD258-BB73-4A8D-9159-C7CBECE1AB8B}.Release|Any CPU.Build.0 = Release|Any CPU
		{F718671B-FAD0-4783-90B8-32059AB9552F}.Debug|Any CPU.ActiveCfg = Debug|Any CPU
		{F718671B-FAD0-4783-90B8-32059AB9552F}.Debug|Any CPU.Build.0 = Debug|Any CPU
		{F718671B-FAD0-4783-90B8-32059AB9552F}.Release|Any CPU.ActiveCfg = Release|Any CPU
		{F718671B-FAD0-4783-90B8-32059AB9552F}.Release|Any CPU.Build.0 = Release|Any CPU
		{B30D497E-2240-4968-9FAD-D2967F04DEEC}.Debug|Any CPU.ActiveCfg = Debug|Any CPU
		{B30D497E-2240-4968-9FAD-D2967F04DEEC}.Debug|Any CPU.Build.0 = Debug|Any CPU
		{B30D497E-2240-4968-9FAD-D2967F04DEEC}.Release|Any CPU.ActiveCfg = Release|Any CPU
		{B30D497E-2240-4968-9FAD-D2967F04DEEC}.Release|Any CPU.Build.0 = Release|Any CPU
	EndGlobalSection
	GlobalSection(NestedProjects) = preSolution
		{20A0EC6E-8DE5-4587-BC4A-7EB0C5D65001} = {0DA4417F-14E5-49E9-8A0D-4F76C3CDED5C}
		{0DE28821-8C9F-4770-BA7C-5D38AC77F872} = {10571C53-F24E-4130-8ED1-7FC497169049}
		{34DBD258-BB73-4A8D-9159-C7CBECE1AB8B} = {10571C53-F24E-4130-8ED1-7FC497169049}
		{F718671B-FAD0-4783-90B8-32059AB9552F} = {10571C53-F24E-4130-8ED1-7FC497169049}
		{B30D497E-2240-4968-9FAD-D2967F04DEEC} = {10571C53-F24E-4130-8ED1-7FC497169049}
	EndGlobalSection
EndGlobal
